{
  "name": "discordsub",
  "version": "1.0.9",
  "lockfileVersion": 2,
  "requires": true,
  "packages": {
    "": {
      "name": "discordsub",
      "version": "1.0.9",
      "license": "MIT",
      "dependencies": {
        "axios": "^0.21.1",
        "process.argv": "^0.6.0"
      }
    },
    "node_modules/axios": {
      "version": "0.21.1",
      "resolved": "https://registry.npmjs.org/axios/-/axios-0.21.1.tgz",
      "integrity": "sha512-dKQiRHxGD9PPRIUNIWvZhPTPpl1rf/OxTYKsqKUDjBwYylTvV7SjSHJb9ratfyzM6wCdLCOYLzs73qpg5c4iGA==",
      "dependencies": {
        "follow-redirects": "^1.10.0"
      }
    },
    "node_modules/follow-redirects": {
      "version": "1.14.1",
      "resolved": "https://registry.npmjs.org/follow-redirects/-/follow-redirects-1.14.1.tgz",
      "integrity": "sha512-HWqDgT7ZEkqRzBvc2s64vSZ/hfOceEol3ac/7tKwzuvEyWx3/4UegXh5oBOIotkGsObyk3xznnSRVADBgWSQVg==",
      "funding": [
        {
          "type": "individual",
          "url": "https://github.com/sponsors/RubenVerborgh"
        }
      ],
      "engines": {
        "node": ">=4.0"
      },
      "peerDependenciesMeta": {
        "debug": {
          "optional": true
        }
      }
    },
    "node_modules/obop": {
      "version": "0.2.1",
      "resolved": "https://registry.npmjs.org/obop/-/obop-0.2.1.tgz",
      "integrity": "sha512-cw8GJUfhWqFK/NOEZfBUhn8mLrnyRfbWyK9MGl/hFaLQDh1QlaOapvnTsB8X+xWMFEi4pr5BCQXaiuDD2iFJww=="
    },
    "node_modules/process.argv": {
      "version": "0.6.0",
      "resolved": "https://registry.npmjs.org/process.argv/-/process.argv-0.6.0.tgz",
      "integrity": "sha512-G5Y6H3IXEOO8dOoWVH+Ml1fSnjfRYruxl/Yuw43x8ncKzyS5k26bwNpITb7qc/TU3JqIttkh74zhLN64CDW0Yw==",
      "dependencies": {
        "obop": "^0.2.0"
      }
    }
  },
  "dependencies": {
    "axios": {
      "version": "0.21.1",
      "resolved": "https://registry.npmjs.org/axios/-/axios-0.21.1.tgz",
      "integrity": "sha512-dKQiRHxGD9PPRIUNIWvZhPTPpl1rf/OxTYKsqKUDjBwYylTvV7SjSHJb9ratfyzM6wCdLCOYLzs73qpg5c4iGA==",
      "requires": {
        "follow-redirects": "^1.10.0"
      }
    },
    "follow-redirects": {
      "version": "1.14.1",
      "resolved": "https://registry.npmjs.org/follow-redirects/-/follow-redirects-1.14.1.tgz",
      "integrity": "sha512-HWqDgT7ZEkqRzBvc2s64vSZ/hfOceEol3ac/7tKwzuvEyWx3/4UegXh5oBOIotkGsObyk3xznnSRVADBgWSQVg=="
    },
    "obop": {
      "version": "0.2.1",
      "resolved": "https://registry.npmjs.org/obop/-/obop-0.2.1.tgz",
      "integrity": "sha512-cw8GJUfhWqFK/NOEZfBUhn8mLrnyRfbWyK9MGl/hFaLQDh1QlaOapvnTsB8X+xWMFEi4pr5BCQXaiuDD2iFJww=="
    },
    "process.argv": {
      "version": "0.6.0",
      "resolved": "https://registry.npmjs.org/process.argv/-/process.argv-0.6.0.tgz",
      "integrity": "sha512-G5Y6H3IXEOO8dOoWVH+Ml1fSnjfRYruxl/Yuw43x8ncKzyS5k26bwNpITb7qc/TU3JqIttkh74zhLN64CDW0Yw==",
      "requires": {
        "obop": "^0.2.0"
      }
    }
  }
}
